{
  "name": "esformatter",
  "version": "0.10.0",
  "lockfileVersion": 1,
  "requires": true,
  "dependencies": {
    "acorn-to-esprima": {
      "version": "2.0.8",
      "resolved": "https://registry.npmjs.org/acorn-to-esprima/-/acorn-to-esprima-2.0.8.tgz",
      "integrity": "sha1-AD8MZC65ITL0F9NwjxStqCrfLrE="
    },
    "ansi-regex": {
      "version": "2.1.1",
      "resolved": "https://registry.npmjs.org/ansi-regex/-/ansi-regex-2.1.1.tgz",
      "integrity": "sha1-w7M6te42DYbg5ijwRorn7yfWVN8="
    },
    "ansi-styles": {
      "version": "2.2.1",
      "resolved": "https://registry.npmjs.org/ansi-styles/-/ansi-styles-2.2.1.tgz",
      "integrity": "sha1-tDLdM1i2NM914eRmQ2gkBTPB3b4="
    },
    "babel-code-frame": {
      "version": "6.26.0",
      "resolved": "https://registry.npmjs.org/babel-code-frame/-/babel-code-frame-6.26.0.tgz",
      "integrity": "sha1-Y/1D99weO7fONZR9uP42mj9Yx0s=",
      "requires": {
        "chalk": "^1.1.3",
        "esutils": "^2.0.2",
        "js-tokens": "^3.0.2"
      }
    },
    "babel-messages": {
      "version": "6.23.0",
      "resolved": "https://registry.npmjs.org/babel-messages/-/babel-messages-6.23.0.tgz",
      "integrity": "sha1-8830cDhYA1sqKVHG7F7fbGLyYw4=",
      "requires": {
        "babel-runtime": "^6.22.0"
      }
    },
    "babel-runtime": {
      "version": "6.26.0",
      "resolved": "https://registry.npmjs.org/babel-runtime/-/babel-runtime-6.26.0.tgz",
      "integrity": "sha1-llxwWGaOgrVde/4E/yM3vItWR/4=",
      "requires": {
        "core-js": "^2.4.0",
        "regenerator-runtime": "^0.11.0"
      }
    },
    "babel-traverse": {
      "version": "6.26.0",
      "resolved": "https://registry.npmjs.org/babel-traverse/-/babel-traverse-6.26.0.tgz",
      "integrity": "sha1-RqnL1+3MYsjlwGTi0tjQ9ANXZu4=",
      "requires": {
        "babel-code-frame": "^6.26.0",
        "babel-messages": "^6.23.0",
        "babel-runtime": "^6.26.0",
        "babel-types": "^6.26.0",
        "babylon": "^6.18.0",
        "debug": "^2.6.8",
        "globals": "^9.18.0",
        "invariant": "^2.2.2",
        "lodash": "^4.17.4"
      },
      "dependencies": {
        "debug": {
          "version": "2.6.9",
          "resolved": "https://registry.npmjs.org/debug/-/debug-2.6.9.tgz",
          "integrity": "sha512-bC7ElrdJaJnPbAP+1EotYvqZsb3ecl5wi6Bfi6BJTUcNowp6cvspg0jXznRTKDjm/E7AdgFBVeAPVMNcKGsHMA==",
          "requires": {
            "ms": "2.0.0"
          }
        }
      }
    },
    "babel-types": {
      "version": "6.26.0",
      "resolved": "https://registry.npmjs.org/babel-types/-/babel-types-6.26.0.tgz",
      "integrity": "sha1-o7Bz+Uq0nrb6Vc1lInozQ4BjJJc=",
      "requires": {
        "babel-runtime": "^6.26.0",
        "esutils": "^2.0.2",
        "lodash": "^4.17.4",
        "to-fast-properties": "^1.0.3"
      }
    },
    "babylon": {
      "version": "6.18.0",
      "resolved": "https://registry.npmjs.org/babylon/-/babylon-6.18.0.tgz",
      "integrity": "sha512-q/UEjfGJ2Cm3oKV71DJz9d25TPnq5rhBVL2Q4fA5wcC3jcrdn7+SssEybFIxwAvvP+YCsCYNKughoF33GxgycQ=="
    },
    "balanced-match": {
      "version": "1.0.0",
      "resolved": "https://registry.npmjs.org/balanced-match/-/balanced-match-1.0.0.tgz",
      "integrity": "sha1-ibTRmasr7kneFk6gK4nORi1xt2c="
    },
    "brace-expansion": {
      "version": "1.1.11",
      "resolved": "https://registry.npmjs.org/brace-expansion/-/brace-expansion-1.1.11.tgz",
      "integrity": "sha512-iCuPHDFgrHX7H2vEI/5xpz07zSHB00TpugqhmYtVmMO6518mCuRMoOYFldEBl0g187ufozdaHgWKcYFb61qGiA==",
      "requires": {
        "balanced-match": "^1.0.0",
        "concat-map": "0.0.1"
      }
    },
    "chai": {
      "version": "1.4.2",
      "resolved": "https://registry.npmjs.org/chai/-/chai-1.4.2.tgz",
      "integrity": "sha1-i/jpPjaQFxzyYy56ETUUvDs7B2o=",
      "dev": true
    },
    "chalk": {
      "version": "1.1.3",
      "resolved": "https://registry.npmjs.org/chalk/-/chalk-1.1.3.tgz",
      "integrity": "sha1-qBFcVeSnAv5NFQq9OHKCKn4J/Jg=",
      "requires": {
        "ansi-styles": "^2.2.1",
        "escape-string-regexp": "^1.0.2",
        "has-ansi": "^2.0.0",
        "strip-ansi": "^3.0.0",
        "supports-color": "^2.0.0"
      },
      "dependencies": {
        "supports-color": {
          "version": "2.0.0",
          "resolved": "https://registry.npmjs.org/supports-color/-/supports-color-2.0.0.tgz",
          "integrity": "sha1-U10EXOa2Nj+kARcIRimZXp3zJMc="
        }
      }
    },
    "cli": {
      "version": "0.4.5",
      "resolved": "https://registry.npmjs.org/cli/-/cli-0.4.5.tgz",
      "integrity": "sha1-ePlIXNFhtWbppsctcXDEJw6B22E=",
      "dev": true,
      "requires": {
        "glob": ">= 3.1.4"
      }
    },
    "commander": {
      "version": "2.20.0",
      "resolved": "https://registry.npmjs.org/commander/-/commander-2.20.0.tgz",
      "integrity": "sha512-7j2y+40w61zy6YC2iRNpUe/NwhNyoXrYpHMrSunaMG64nRnaf96zO/KMQR4OyN/UnE5KLyEBnKHd4aG3rskjpQ=="
    },
    "concat-map": {
      "version": "0.0.1",
      "resolved": "https://registry.npmjs.org/concat-map/-/concat-map-0.0.1.tgz",
      "integrity": "sha1-2Klr13/Wjfd5OnMDajug1UBdR3s="
    },
    "console-browserify": {
      "version": "0.1.6",
      "resolved": "https://registry.npmjs.org/console-browserify/-/console-browserify-0.1.6.tgz",
      "integrity": "sha1-0SijwLuINQ61YmxufHGm8P1ImDw=",
      "dev": true
    },
    "core-js": {
      "version": "2.6.9",
      "resolved": "https://registry.npmjs.org/core-js/-/core-js-2.6.9.tgz",
      "integrity": "sha512-HOpZf6eXmnl7la+cUdMnLvUxKNqLUzJvgIziQ0DiF3JwSImNphIqdGqzj6hIKyX04MmV0poclQ7+wjWvxQyR2A=="
    },
    "debug": {
      "version": "2.6.9",
      "resolved": "https://registry.npmjs.org/debug/-/debug-2.6.9.tgz",
      "integrity": "sha512-bC7ElrdJaJnPbAP+1EotYvqZsb3ecl5wi6Bfi6BJTUcNowp6cvspg0jXznRTKDjm/E7AdgFBVeAPVMNcKGsHMA==",
      "requires": {
        "ms": "2.0.0"
      }
    },
    "diff": {
      "version": "1.4.0",
      "resolved": "https://registry.npmjs.org/diff/-/diff-1.4.0.tgz",
      "integrity": "sha1-fyjS657nsVqX79ic5j3P2qPMur8="
    },
    "disparity": {
      "version": "2.0.0",
      "resolved": "https://registry.npmjs.org/disparity/-/disparity-2.0.0.tgz",
      "integrity": "sha1-V92stHMkrl9Y0swNqIbbTOnutxg=",
      "requires": {
        "ansi-styles": "^2.0.1",
        "diff": "^1.3.2"
      }
    },
    "escape-string-regexp": {
      "version": "1.0.5",
      "resolved": "https://registry.npmjs.org/escape-string-regexp/-/escape-string-regexp-1.0.5.tgz",
      "integrity": "sha1-G2HAViGQqN/2rjuyzwIAyhMLhtQ="
    },
    "esformatter-parser": {
      "version": "1.0.0",
      "resolved": "https://registry.npmjs.org/esformatter-parser/-/esformatter-parser-1.0.0.tgz",
      "integrity": "sha1-CFQHLQSHU57TnK442KVDLBfsEdM=",
      "requires": {
        "acorn-to-esprima": "^2.0.8",
        "babel-traverse": "^6.9.0",
        "babylon": "^6.8.0",
        "rocambole": "^0.7.0"
      }
    },
    "esformatter-pipe-test": {
      "version": "file:test/pipe",
      "dev": true,
      "requires": {
        "stdin": "0.0.1"
      }
    },
    "esformatter-preset-fake-1": {
      "version": "file:test/preset/fake1",
      "dev": true,
      "requires": {
        "esformatter-test-plugin": "file:test/plugin"
      }
    },
    "esformatter-preset-fake-2": {
      "version": "file:test/preset/fake2",
      "dev": true,
      "requires": {
        "esformatter-preset-fake-1": "file:test/preset/fake1"
      }
    },
    "esformatter-test-plugin": {
      "version": "file:test/plugin",
      "dev": true
    },
    "esprima": {
      "version": "2.7.3",
      "resolved": "https://registry.npmjs.org/esprima/-/esprima-2.7.3.tgz",
      "integrity": "sha1-luO3DVd59q1JzQMmc9HDEnZ7pYE="
    },
    "esutils": {
      "version": "2.0.3",
      "resolved": "https://registry.npmjs.org/esutils/-/esutils-2.0.3.tgz",
      "integrity": "sha512-kVscqXk4OCp68SZ0dkgEKVi6/8ij300KBWTJq32P/dYeWTSwK41WyTxalN1eRmA5Z9UU/LX9D7FWSmV9SAYx6g=="
    },
    "fs.realpath": {
      "version": "1.0.0",
      "resolved": "https://registry.npmjs.org/fs.realpath/-/fs.realpath-1.0.0.tgz",
      "integrity": "sha1-FQStJSMVjKpA20onh8sBQRmU6k8="
    },
    "glob": {
      "version": "7.1.4",
      "resolved": "https://registry.npmjs.org/glob/-/glob-7.1.4.tgz",
      "integrity": "sha512-hkLPepehmnKk41pUGm3sYxoFs/umurYfYJCerbXEyFIWcAzvpipAgVkBqqT9RBKMGjnq6kMuyYwha6csxbiM1A==",
      "requires": {
        "fs.realpath": "^1.0.0",
        "inflight": "^1.0.4",
        "inherits": "2",
        "minimatch": "^3.0.4",
        "once": "^1.3.0",
        "path-is-absolute": "^1.0.0"
      }
    },
    "globals": {
      "version": "9.18.0",
      "resolved": "https://registry.npmjs.org/globals/-/globals-9.18.0.tgz",
      "integrity": "sha512-S0nG3CLEQiY/ILxqtztTWH/3iRRdyBLw6KMDxnKMchrtbj2OFmehVh0WUCfW3DUrIgx/qFrJPICrq4Z4sTR9UQ=="
    },
    "growl": {
      "version": "1.7.0",
      "resolved": "https://registry.npmjs.org/growl/-/growl-1.7.0.tgz",
      "integrity": "sha1-3i1mE20ALhErpw8/EMMc98NQsto=",
      "dev": true
    },
    "has-ansi": {
      "version": "2.0.0",
      "resolved": "https://registry.npmjs.org/has-ansi/-/has-ansi-2.0.0.tgz",
      "integrity": "sha1-NPUEnOHs3ysGSa8+8k5F7TVBbZE=",
      "requires": {
        "ansi-regex": "^2.0.0"
      }
    },
    "inflight": {
      "version": "1.0.6",
      "resolved": "https://registry.npmjs.org/inflight/-/inflight-1.0.6.tgz",
      "integrity": "sha1-Sb1jMdfQLQwJvJEKEHW6gWW1bfk=",
      "requires": {
        "once": "^1.3.0",
        "wrappy": "1"
      }
    },
    "inherits": {
      "version": "2.0.4",
      "resolved": "https://registry.npmjs.org/inherits/-/inherits-2.0.4.tgz",
      "integrity": "sha512-k/vGaX4/Yla3WzyMCvTQOXYeIHvqOKtnqBduzTHpzpQZzAskKMhZ2K+EnBiSM9zGSoIFeMpXKxa4dYeZIQqewQ=="
    },
    "invariant": {
      "version": "2.2.4",
      "resolved": "https://registry.npmjs.org/invariant/-/invariant-2.2.4.tgz",
      "integrity": "sha512-phJfQVBuaJM5raOpJjSfkiD6BpbCE4Ns//LaXl6wGYtUBY83nWS6Rf9tXm2e8VaK60JEjYldbPif/A2B1C2gNA==",
      "requires": {
        "loose-envify": "^1.0.0"
      }
    },
    "isexe": {
      "version": "2.0.0",
      "resolved": "https://registry.npmjs.org/isexe/-/isexe-2.0.0.tgz",
      "integrity": "sha1-6PvzdNxVb/iUehDcsFctYz8s+hA="
    },
    "jade": {
      "version": "0.26.3",
      "resolved": "https://registry.npmjs.org/jade/-/jade-0.26.3.tgz",
      "integrity": "sha1-jxDXl32NefL2/4YqgbBRPMslaGw=",
      "dev": true,
      "requires": {
        "commander": "0.6.1",
        "mkdirp": "0.3.0"
      },
      "dependencies": {
        "commander": {
          "version": "0.6.1",
          "resolved": "https://registry.npmjs.org/commander/-/commander-0.6.1.tgz",
          "integrity": "sha1-+mihT2qUXVTbvlDYzbMyDp47GgY=",
          "dev": true
        },
        "mkdirp": {
          "version": "0.3.0",
          "resolved": "https://registry.npmjs.org/mkdirp/-/mkdirp-0.3.0.tgz",
          "integrity": "sha1-G79asbqCevI1dRQ0kEJkVfSB/h4=",
          "dev": true
        }
      }
    },
    "js-tokens": {
      "version": "3.0.2",
      "resolved": "https://registry.npmjs.org/js-tokens/-/js-tokens-3.0.2.tgz",
      "integrity": "sha1-mGbfOVECEw449/mWvOtlRDIJwls="
    },
    "jshint": {
      "version": "2.3.0",
      "resolved": "https://registry.npmjs.org/jshint/-/jshint-2.3.0.tgz",
      "integrity": "sha1-GVBEVaLCDEbuGDNh64fzocC33Ec=",
      "dev": true,
      "requires": {
        "cli": "0.4.x",
        "console-browserify": "0.1.x",
        "minimatch": "0.x.x",
        "shelljs": "0.1.x",
        "underscore": "1.4.x"
      },
      "dependencies": {
        "minimatch": {
          "version": "0.4.0",
          "resolved": "https://registry.npmjs.org/minimatch/-/minimatch-0.4.0.tgz",
          "integrity": "sha1-vSx9Bg0sjI/Xzefx8u0tWycP2xs=",
          "dev": true,
          "requires": {
            "lru-cache": "2",
            "sigmund": "~1.0.0"
          }
        }
      }
    },
    "lodash": {
      "version": "4.17.15",
      "resolved": "https://registry.npmjs.org/lodash/-/lodash-4.17.15.tgz",
      "integrity": "sha512-8xOcRHvCjnocdS5cpwXQXVzmmh5e5+saE2QGoeQmbKmRS6J3VQppPOIt0MnmE+4xlZoumy0GPG0D0MVIQbNA1A=="
    },
    "loose-envify": {
      "version": "1.4.0",
      "resolved": "https://registry.npmjs.org/loose-envify/-/loose-envify-1.4.0.tgz",
      "integrity": "sha512-lyuxPGr/Wfhrlem2CL/UcnUc1zcqKAImBDzukY7Y5F/yQiNdko6+fRLevlw1HgMySw7f611UIY408EtxRSoK3Q==",
      "requires": {
        "js-tokens": "^3.0.0 || ^4.0.0"
      }
    },
    "lru-cache": {
      "version": "2.7.3",
      "resolved": "https://registry.npmjs.org/lru-cache/-/lru-cache-2.7.3.tgz",
      "integrity": "sha1-bUUk6LlV+V1PW1iFHOId1y+06VI=",
      "dev": true
    },
    "minimatch": {
      "version": "3.0.4",
      "resolved": "https://registry.npmjs.org/minimatch/-/minimatch-3.0.4.tgz",
      "integrity": "sha512-yJHVQEhyqPLUTgt9B83PXu6W3rx4MvvHvSUvToogpwoGDOUQ+yDrR0HRot+yOCdCO7u4hX3pWft6kWBBcqh0UA==",
      "requires": {
        "brace-expansion": "^1.1.7"
      }
    },
    "minimist": {
      "version": "1.2.0",
      "resolved": "https://registry.npmjs.org/minimist/-/minimist-1.2.0.tgz",
      "integrity": "sha1-o1AIsg9BOD7sH7kU9M1d95omQoQ="
    },
    "mkdirp": {
      "version": "0.3.3",
      "resolved": "https://registry.npmjs.org/mkdirp/-/mkdirp-0.3.3.tgz",
      "integrity": "sha1-WV4lHBNww6aLqyE20ONIuBBa3xM=",
      "dev": true
    },
    "mocha": {
      "version": "https://github.com/millermedeiros/mocha/tarball/latest",
      "integrity": "sha512-vrDfVtuyM9jaDnTKNCRA9k0Stw5lg38dDGL7bV14KSwdpLNkHsfg0lsXKq9FOcVAOhfqId2xA39THPQNQmEURA==",
      "dev": true,
      "requires": {
        "commander": "0.6.1",
        "debug": "*",
        "diff": "1.0.2",
        "growl": "1.7.x",
        "jade": "0.26.3",
        "mkdirp": "0.3.3",
        "ms": "0.3.0"
      },
      "dependencies": {
        "commander": {
          "version": "0.6.1",
          "resolved": "https://registry.npmjs.org/commander/-/commander-0.6.1.tgz",
          "integrity": "sha1-+mihT2qUXVTbvlDYzbMyDp47GgY=",
          "dev": true
        },
        "diff": {
          "version": "1.0.2",
          "resolved": "https://registry.npmjs.org/diff/-/diff-1.0.2.tgz",
          "integrity": "sha1-Suc/Gu6Nb89ITxoc53zmUdm38Mk=",
          "dev": true
        },
        "ms": {
          "version": "0.3.0",
          "resolved": "https://registry.npmjs.org/ms/-/ms-0.3.0.tgz",
          "integrity": "sha1-A+3DSNYT5mpWSGz9rFO8vomcvWE=",
          "dev": true
        }
      }
    },
    "mockery": {
      "version": "1.7.0",
      "resolved": "https://registry.npmjs.org/mockery/-/mockery-1.7.0.tgz",
      "integrity": "sha1-9O3g2HUMHJcnwnLqLGBiniyaHE8=",
      "dev": true
    },
    "mout": {
      "version": "1.1.0",
      "resolved": "https://registry.npmjs.org/mout/-/mout-1.1.0.tgz",
      "integrity": "sha512-XsP0vf4As6BfqglxZqbqQ8SR6KQot2AgxvR0gG+WtUkf90vUXchMOZQtPf/Hml1rEffJupqL/tIrU6EYhsUQjw=="
    },
    "ms": {
      "version": "2.0.0",
      "resolved": "https://registry.npmjs.org/ms/-/ms-2.0.0.tgz",
      "integrity": "sha1-VgiurfwAvmwpAd9fmGF4jeDVl8g="
    },
    "npm-path": {
      "version": "1.1.0",
      "resolved": "https://registry.npmjs.org/npm-path/-/npm-path-1.1.0.tgz",
      "integrity": "sha1-BHSuAEGcMn1UcBt88s0F3Ii+EUA=",
      "requires": {
        "which": "^1.2.4"
      }
    },
    "npm-run": {
      "version": "3.0.0",
      "resolved": "https://registry.npmjs.org/npm-run/-/npm-run-3.0.0.tgz",
      "integrity": "sha1-Vokg+ECpj9jiKZ22ayYW4kdsr2k=",
      "requires": {
        "minimist": "^1.1.1",
        "npm-path": "^1.0.1",
        "npm-which": "^2.0.0",
        "serializerr": "^1.0.1",
        "sync-exec": "^0.6.2"
      }
    },
    "npm-which": {
      "version": "2.0.0",
      "resolved": "https://registry.npmjs.org/npm-which/-/npm-which-2.0.0.tgz",
      "integrity": "sha1-DEaYIWC3gwk2YdHQG9RJbS/qu6w=",
      "requires": {
        "commander": "^2.2.0",
        "npm-path": "^1.0.0",
        "which": "^1.0.5"
      }
    },
    "once": {
      "version": "1.4.0",
      "resolved": "https://registry.npmjs.org/once/-/once-1.4.0.tgz",
      "integrity": "sha1-WDsap3WWHUsROsF9nFC6753Xa9E=",
      "requires": {
        "wrappy": "1"
      }
    },
    "os-homedir": {
      "version": "1.0.2",
      "resolved": "https://registry.npmjs.org/os-homedir/-/os-homedir-1.0.2.tgz",
      "integrity": "sha1-/7xJiDNuDoM94MFox+8VISGqf7M="
    },
    "path-is-absolute": {
      "version": "1.0.1",
      "resolved": "https://registry.npmjs.org/path-is-absolute/-/path-is-absolute-1.0.1.tgz",
      "integrity": "sha1-F0uSaHNVNP+8es5r9TpanhtcX18="
    },
    "path-parse": {
      "version": "1.0.6",
      "resolved": "https://registry.npmjs.org/path-parse/-/path-parse-1.0.6.tgz",
      "integrity": "sha512-GSmOT2EbHrINBf9SR7CDELwlJ8AENk3Qn7OikK4nFYAu3Ote2+JYNVvkpAEQm3/TLNEJFD/xZJjzyxg3KBWOzw=="
    },
    "protochain": {
      "version": "1.0.5",
      "resolved": "https://registry.npmjs.org/protochain/-/protochain-1.0.5.tgz",
      "integrity": "sha1-mRxAfpneJkqt+PgVBLXn+ve/omA="
    },
    "regenerator-runtime": {
      "version": "0.11.1",
      "resolved": "https://registry.npmjs.org/regenerator-runtime/-/regenerator-runtime-0.11.1.tgz",
      "integrity": "sha512-MguG95oij0fC3QV3URf4V2SDYGJhJnJGqvIIgdECeODCT98wSWDAJ94SSuVpYQUoTcGUIL6L4yNB7j1DFFHSBg=="
    },
    "repeat-string": {
      "version": "1.6.1",
      "resolved": "https://registry.npmjs.org/repeat-string/-/repeat-string-1.6.1.tgz",
      "integrity": "sha1-jcrkcOHIirwtYA//Sndihtp15jc="
    },
    "resolve": {
      "version": "1.12.0",
      "resolved": "https://registry.npmjs.org/resolve/-/resolve-1.12.0.tgz",
      "integrity": "sha512-B/dOmuoAik5bKcD6s6nXDCjzUKnaDvdkRyAk6rsmsKLipWj4797iothd7jmmUhWTfinVMU+wc56rYKsit2Qy4w==",
      "requires": {
        "path-parse": "^1.0.6"
      }
    },
    "rocambole": {
      "version": "0.7.0",
      "resolved": "https://registry.npmjs.org/rocambole/-/rocambole-0.7.0.tgz",
      "integrity": "sha1-9seVBVF9xCtvuECEK4uVOw+WhYU=",
      "requires": {
        "esprima": "^2.1"
      }
    },
    "rocambole-indent": {
      "version": "2.0.4",
      "resolved": "https://registry.npmjs.org/rocambole-indent/-/rocambole-indent-2.0.4.tgz",
      "integrity": "sha1-oYokl3ygQAuGHapGMehh3LUtCFw=",
      "requires": {
        "debug": "^2.1.3",
        "mout": "^0.11.0",
        "rocambole-token": "^1.2.1"
      },
      "dependencies": {
        "debug": {
          "version": "2.6.9",
          "resolved": "https://registry.npmjs.org/debug/-/debug-2.6.9.tgz",
          "integrity": "sha512-bC7ElrdJaJnPbAP+1EotYvqZsb3ecl5wi6Bfi6BJTUcNowp6cvspg0jXznRTKDjm/E7AdgFBVeAPVMNcKGsHMA==",
          "requires": {
            "ms": "2.0.0"
          }
        },
        "mout": {
          "version": "0.11.1",
          "resolved": "https://registry.npmjs.org/mout/-/mout-0.11.1.tgz",
          "integrity": "sha1-ujYR318OWx/7/QEWa48C0fX6K5k="
        }
      }
    },
    "rocambole-linebreak": {
      "version": "1.0.2",
      "resolved": "https://registry.npmjs.org/rocambole-linebreak/-/rocambole-linebreak-1.0.2.tgz",
      "integrity": "sha1-A2IVFbQ7RyHJflocG8paA2Y2jy8=",
      "requires": {
        "debug": "^2.1.3",
        "rocambole-token": "^1.2.1",
        "semver": "^4.3.1"
      },
      "dependencies": {
        "debug": {
          "version": "2.6.9",
          "resolved": "https://registry.npmjs.org/debug/-/debug-2.6.9.tgz",
          "integrity": "sha512-bC7ElrdJaJnPbAP+1EotYvqZsb3ecl5wi6Bfi6BJTUcNowp6cvspg0jXznRTKDjm/E7AdgFBVeAPVMNcKGsHMA==",
          "requires": {
            "ms": "2.0.0"
          }
        }
      }
    },
    "rocambole-node": {
      "version": "1.0.0",
      "resolved": "https://registry.npmjs.org/rocambole-node/-/rocambole-node-1.0.0.tgz",
      "integrity": "sha1-21tJ3nQHsAgN1RSHLyjjk9D3/z8="
    },
    "rocambole-token": {
      "version": "1.2.1",
      "resolved": "https://registry.npmjs.org/rocambole-token/-/rocambole-token-1.2.1.tgz",
      "integrity": "sha1-x4XfdCjcPLJ614lwR71SOMwHDTU="
    },
    "rocambole-whitespace": {
      "version": "1.0.0",
      "resolved": "https://registry.npmjs.org/rocambole-whitespace/-/rocambole-whitespace-1.0.0.tgz",
      "integrity": "sha1-YzMJSSVrKZQfWbGQRZ+ZnGsdO/k=",
      "requires": {
        "debug": "^2.1.3",
        "repeat-string": "^1.5.0",
        "rocambole-token": "^1.2.1"
      },
      "dependencies": {
        "debug": {
          "version": "2.6.9",
          "resolved": "https://registry.npmjs.org/debug/-/debug-2.6.9.tgz",
          "integrity": "sha512-bC7ElrdJaJnPbAP+1EotYvqZsb3ecl5wi6Bfi6BJTUcNowp6cvspg0jXznRTKDjm/E7AdgFBVeAPVMNcKGsHMA==",
          "requires": {
            "ms": "2.0.0"
          }
        }
      }
    },
    "semver": {
      "version": "4.3.6",
      "resolved": "https://registry.npmjs.org/semver/-/semver-4.3.6.tgz",
      "integrity": "sha1-MAvG4OhjdPe6YQaLWx7NV/xlMto="
    },
    "serializerr": {
      "version": "1.0.3",
      "resolved": "https://registry.npmjs.org/serializerr/-/serializerr-1.0.3.tgz",
      "integrity": "sha1-EtTFqhw/+49tHcXzlaqUVVacP5E=",
      "requires": {
        "protochain": "^1.0.5"
      }
    },
    "shelljs": {
      "version": "0.1.4",
      "resolved": "https://registry.npmjs.org/shelljs/-/shelljs-0.1.4.tgz",
      "integrity": "sha1-37vnjVbDwBaNL7eeEOzR28sH7A4=",
      "dev": true
    },
    "sigmund": {
      "version": "1.0.1",
      "resolved": "https://registry.npmjs.org/sigmund/-/sigmund-1.0.1.tgz",
      "integrity": "sha1-P/IfGYytIXX587eBhT/ZTQ0ZtZA=",
      "dev": true
    },
    "stdin": {
      "version": "0.0.1",
      "resolved": "https://registry.npmjs.org/stdin/-/stdin-0.0.1.tgz",
      "integrity": "sha1-0wQZgarsPf28d6GzjWNy449ftx4="
    },
    "strip-ansi": {
      "version": "3.0.1",
      "resolved": "https://registry.npmjs.org/strip-ansi/-/strip-ansi-3.0.1.tgz",
      "integrity": "sha1-ajhfuIU9lS1f8F0Oiq+UJ43GPc8=",
      "requires": {
        "ansi-regex": "^2.0.0"
      }
    },
    "strip-json-comments": {
      "version": "0.1.3",
      "resolved": "https://registry.npmjs.org/strip-json-comments/-/strip-json-comments-0.1.3.tgz",
      "integrity": "sha1-Fkxk43Coo8wAyeAbU55WmCPw7lQ="
    },
    "supports-color": {
      "version": "1.3.1",
      "resolved": "https://registry.npmjs.org/supports-color/-/supports-color-1.3.1.tgz",
      "integrity": "sha1-FXWN8J2P87SswwdTn6vicJXhBC0="
    },
    "sync-exec": {
      "version": "0.6.2",
      "resolved": "https://registry.npmjs.org/sync-exec/-/sync-exec-0.6.2.tgz",
      "integrity": "sha1-cX0izFPwzh3vVZQ2LzqJouu5EQU="
    },
    "to-fast-properties": {
      "version": "1.0.3",
      "resolved": "https://registry.npmjs.org/to-fast-properties/-/to-fast-properties-1.0.3.tgz",
      "integrity": "sha1-uDVx+k2MJbguIxsG46MFXeTKGkc="
    },
    "underscore": {
      "version": "1.4.4",
      "resolved": "https://registry.npmjs.org/underscore/-/underscore-1.4.4.tgz",
      "integrity": "sha1-YaajIBBiKvoHljvzJSA88SI51gQ=",
      "dev": true
    },
    "user-home": {
      "version": "2.0.0",
      "resolved": "https://registry.npmjs.org/user-home/-/user-home-2.0.0.tgz",
      "integrity": "sha1-nHC/2Babwdy/SGBODwS4tJzenp8=",
      "requires": {
        "os-homedir": "^1.0.0"
      }
    },
    "which": {
      "version": "1.3.1",
      "resolved": "https://registry.npmjs.org/which/-/which-1.3.1.tgz",
      "integrity": "sha512-HxJdYWq1MTIQbJ3nw0cqssHoTNU267KlrDuGZ1WYlxDStUtKUhOaJmh112/TZmHxxUfuJqPXSOm7tDyas0OSIQ==",
      "requires": {
        "isexe": "^2.0.0"
      }
    },
    "wrappy": {
      "version": "1.0.2",
      "resolved": "https://registry.npmjs.org/wrappy/-/wrappy-1.0.2.tgz",
      "integrity": "sha1-tSQ9jz7BqjXxNkYFvA0QNuMKtp8="
    }
  }
}
